
Microsoft Visual Studio Solution File, Format Version 12.00
# Visual Studio Version 17
VisualStudioVersion = 17.12.35527.113
MinimumVisualStudioVersion = 10.0.40219.1
Project("{8BC9CEB8-8B4A-11D0-8D11-00A0C91BC942}") = "1.Array", "1.Array\1.Array.vcxproj", "{85DB5260-CCE4-448D-A756-4D48B4176E12}"
EndProject
Project("{8BC9CEB8-8B4A-11D0-8D11-00A0C91BC942}") = "2.List", "2.List\2.List.vcxproj", "{495BD9A1-15E6-4795-A82C-F6DFE7C9F08F}"
EndProject
Project("{8BC9CEB8-8B4A-11D0-8D11-00A0C91BC942}") = "3.LinkedList", "3.LinkedList\3.LinkedList.vcxproj", "{EA6208DA-EA2A-410D-A948-5C2AB88813B8}"
EndProject
Project("{8BC9CEB8-8B4A-11D0-8D11-00A0C91BC942}") = "4.TemplateLinkedList", "4.TemplateLinkedList\4.TemplateLinkedList.vcxproj", "{FFC41ED7-700F-4258-AB9C-63AE5551A1A8}"
EndProject
Project("{8BC9CEB8-8B4A-11D0-8D11-00A0C91BC942}") = "5.DoubleLinkedList", "5.DoubleLinkedList\5.DoubleLinkedList.vcxproj", "{23B27055-72A6-4A11-899A-3F0A701BBF5F}"
EndProject
Project("{8BC9CEB8-8B4A-11D0-8D11-00A0C91BC942}") = "TestDoubleLinkedList", "TestDoubleLinkedList\TestDoubleLinkedList.vcxproj", "{F92932B6-007B-49F5-9A24-9EF783CF8ECB}"
EndProject
Project("{8BC9CEB8-8B4A-11D0-8D11-00A0C91BC942}") = "6.ExpStack", "6.ExpStack\6.ExpStack.vcxproj", "{D16A3C71-E806-40CE-9343-32A3EF526CE3}"
EndProject
Project("{8BC9CEB8-8B4A-11D0-8D11-00A0C91BC942}") = "7.TemplateStack", "7.TemplateStack\7.TemplateStack.vcxproj", "{F70C3B3C-843C-4001-838C-9ED3C241CB83}"
EndProject
Project("{8BC9CEB8-8B4A-11D0-8D11-00A0C91BC942}") = "8.Random", "8.Random\8.Random.vcxproj", "{95FCEF4E-68A6-4741-BF79-3A3A595FCB14}"
EndProject
Project("{8BC9CEB8-8B4A-11D0-8D11-00A0C91BC942}") = "9.StackMaze", "9.StackMaze\9.StackMaze.vcxproj", "{3C17941A-F509-4E5B-AA50-820A0B7B65AE}"
EndProject
Project("{8BC9CEB8-8B4A-11D0-8D11-00A0C91BC942}") = "10.Queue", "10.Queue\10.Queue.vcxproj", "{32CD9196-65F8-49FA-A2DC-F1CC5B2D637B}"
EndProject
Project("{8BC9CEB8-8B4A-11D0-8D11-00A0C91BC942}") = "11.TemplateQueue", "TemplateQueue\TemplateQueue.vcxproj", "{E7484761-F1CF-4183-A6C1-5FF0331D950B}"
EndProject
Project("{8BC9CEB8-8B4A-11D0-8D11-00A0C91BC942}") = "12.QueueMaze", "12.QueueMaze\12.QueueMaze.vcxproj", "{EF05F795-452D-4DCF-8F40-5EBEB888099A}"
EndProject
Project("{8BC9CEB8-8B4A-11D0-8D11-00A0C91BC942}") = "13.HashTable", "13.HashTable\13.HashTable.vcxproj", "{9C01F8BA-587E-4761-8A31-45E39DA30222}"
EndProject
Project("{8BC9CEB8-8B4A-11D0-8D11-00A0C91BC942}") = "14.Tree", "14.Tree\14.Tree.vcxproj", "{DABADD66-E590-41FF-9332-C2E51276A5E7}"
EndProject
Project("{8BC9CEB8-8B4A-11D0-8D11-00A0C91BC942}") = "15.BinaryTree", "15.BinaryTree\15.BinaryTree.vcxproj", "{C77F66A7-F038-454B-B6C8-36F80A3804CB}"
EndProject
Global
	GlobalSection(SolutionConfigurationPlatforms) = preSolution
		Debug|x64 = Debug|x64
		Debug|x86 = Debug|x86
		Release|x64 = Release|x64
		Release|x86 = Release|x86
	EndGlobalSection
	GlobalSection(ProjectConfigurationPlatforms) = postSolution
		{85DB5260-CCE4-448D-A756-4D48B4176E12}.Debug|x64.ActiveCfg = Debug|x64
		{85DB5260-CCE4-448D-A756-4D48B4176E12}.Debug|x64.Build.0 = Debug|x64
		{85DB5260-CCE4-448D-A756-4D48B4176E12}.Debug|x86.ActiveCfg = Debug|Win32
		{85DB5260-CCE4-448D-A756-4D48B4176E12}.Debug|x86.Build.0 = Debug|Win32
		{85DB5260-CCE4-448D-A756-4D48B4176E12}.Release|x64.ActiveCfg = Release|x64
		{85DB5260-CCE4-448D-A756-4D48B4176E12}.Release|x64.Build.0 = Release|x64
		{85DB5260-CCE4-448D-A756-4D48B4176E12}.Release|x86.ActiveCfg = Release|Win32
		{85DB5260-CCE4-448D-A756-4D48B4176E12}.Release|x86.Build.0 = Release|Win32
		{495BD9A1-15E6-4795-A82C-F6DFE7C9F08F}.Debug|x64.ActiveCfg = Debug|x64
		{495BD9A1-15E6-4795-A82C-F6DFE7C9F08F}.Debug|x64.Build.0 = Debug|x64
		{495BD9A1-15E6-4795-A82C-F6DFE7C9F08F}.Debug|x86.ActiveCfg = Debug|Win32
		{495BD9A1-15E6-4795-A82C-F6DFE7C9F08F}.Debug|x86.Build.0 = Debug|Win32
		{495BD9A1-15E6-4795-A82C-F6DFE7C9F08F}.Release|x64.ActiveCfg = Release|x64
		{495BD9A1-15E6-4795-A82C-F6DFE7C9F08F}.Release|x64.Build.0 = Release|x64
		{495BD9A1-15E6-4795-A82C-F6DFE7C9F08F}.Release|x86.ActiveCfg = Release|Win32
		{495BD9A1-15E6-4795-A82C-F6DFE7C9F08F}.Release|x86.Build.0 = Release|Win32
		{EA6208DA-EA2A-410D-A948-5C2AB88813B8}.Debug|x64.ActiveCfg = Debug|x64
		{EA6208DA-EA2A-410D-A948-5C2AB88813B8}.Debug|x64.Build.0 = Debug|x64
		{EA6208DA-EA2A-410D-A948-5C2AB88813B8}.Debug|x86.ActiveCfg = Debug|Win32
		{EA6208DA-EA2A-410D-A948-5C2AB88813B8}.Debug|x86.Build.0 = Debug|Win32
		{EA6208DA-EA2A-410D-A948-5C2AB88813B8}.Release|x64.ActiveCfg = Release|x64
		{EA6208DA-EA2A-410D-A948-5C2AB88813B8}.Release|x64.Build.0 = Release|x64
		{EA6208DA-EA2A-410D-A948-5C2AB88813B8}.Release|x86.ActiveCfg = Release|Win32
		{EA6208DA-EA2A-410D-A948-5C2AB88813B8}.Release|x86.Build.0 = Release|Win32
		{FFC41ED7-700F-4258-AB9C-63AE5551A1A8}.Debug|x64.ActiveCfg = Debug|x64
		{FFC41ED7-700F-4258-AB9C-63AE5551A1A8}.Debug|x64.Build.0 = Debug|x64
		{FFC41ED7-700F-4258-AB9C-63AE5551A1A8}.Debug|x86.ActiveCfg = Debug|Win32
		{FFC41ED7-700F-4258-AB9C-63AE5551A1A8}.Debug|x86.Build.0 = Debug|Win32
		{FFC41ED7-700F-4258-AB9C-63AE5551A1A8}.Release|x64.ActiveCfg = Release|x64
		{FFC41ED7-700F-4258-AB9C-63AE5551A1A8}.Release|x64.Build.0 = Release|x64
		{FFC41ED7-700F-4258-AB9C-63AE5551A1A8}.Release|x86.ActiveCfg = Release|Win32
		{FFC41ED7-700F-4258-AB9C-63AE5551A1A8}.Release|x86.Build.0 = Release|Win32
		{23B27055-72A6-4A11-899A-3F0A701BBF5F}.Debug|x64.ActiveCfg = Debug|x64
		{23B27055-72A6-4A11-899A-3F0A701BBF5F}.Debug|x64.Build.0 = Debug|x64
		{23B27055-72A6-4A11-899A-3F0A701BBF5F}.Debug|x86.ActiveCfg = Debug|Win32
		{23B27055-72A6-4A11-899A-3F0A701BBF5F}.Debug|x86.Build.0 = Debug|Win32
		{23B27055-72A6-4A11-899A-3F0A701BBF5F}.Release|x64.ActiveCfg = Release|x64
		{23B27055-72A6-4A11-899A-3F0A701BBF5F}.Release|x64.Build.0 = Release|x64
		{23B27055-72A6-4A11-899A-3F0A701BBF5F}.Release|x86.ActiveCfg = Release|Win32
		{23B27055-72A6-4A11-899A-3F0A701BBF5F}.Release|x86.Build.0 = Release|Win32
		{F92932B6-007B-49F5-9A24-9EF783CF8ECB}.Debug|x64.ActiveCfg = Debug|x64
		{F92932B6-007B-49F5-9A24-9EF783CF8ECB}.Debug|x64.Build.0 = Debug|x64
		{F92932B6-007B-49F5-9A24-9EF783CF8ECB}.Debug|x86.ActiveCfg = Debug|Win32
		{F92932B6-007B-49F5-9A24-9EF783CF8ECB}.Debug|x86.Build.0 = Debug|Win32
		{F92932B6-007B-49F5-9A24-9EF783CF8ECB}.Release|x64.ActiveCfg = Release|x64
		{F92932B6-007B-49F5-9A24-9EF783CF8ECB}.Release|x64.Build.0 = Release|x64
		{F92932B6-007B-49F5-9A24-9EF783CF8ECB}.Release|x86.ActiveCfg = Release|Win32
		{F92932B6-007B-49F5-9A24-9EF783CF8ECB}.Release|x86.Build.0 = Release|Win32
		{D16A3C71-E806-40CE-9343-32A3EF526CE3}.Debug|x64.ActiveCfg = Debug|x64
		{D16A3C71-E806-40CE-9343-32A3EF526CE3}.Debug|x64.Build.0 = Debug|x64
		{D16A3C71-E806-40CE-9343-32A3EF526CE3}.Debug|x86.ActiveCfg = Debug|Win32
		{D16A3C71-E806-40CE-9343-32A3EF526CE3}.Debug|x86.Build.0 = Debug|Win32
		{D16A3C71-E806-40CE-9343-32A3EF526CE3}.Release|x64.ActiveCfg = Release|x64
		{D16A3C71-E806-40CE-9343-32A3EF526CE3}.Release|x64.Build.0 = Release|x64
		{D16A3C71-E806-40CE-9343-32A3EF526CE3}.Release|x86.ActiveCfg = Release|Win32
		{D16A3C71-E806-40CE-9343-32A3EF526CE3}.Release|x86.Build.0 = Release|Win32
		{F70C3B3C-843C-4001-838C-9ED3C241CB83}.Debug|x64.ActiveCfg = Debug|x64
		{F70C3B3C-843C-4001-838C-9ED3C241CB83}.Debug|x64.Build.0 = Debug|x64
		{F70C3B3C-843C-4001-838C-9ED3C241CB83}.Debug|x86.ActiveCfg = Debug|Win32
		{F70C3B3C-843C-4001-838C-9ED3C241CB83}.Debug|x86.Build.0 = Debug|Win32
		{F70C3B3C-843C-4001-838C-9ED3C241CB83}.Release|x64.ActiveCfg = Release|x64
		{F70C3B3C-843C-4001-838C-9ED3C241CB83}.Release|x64.Build.0 = Release|x64
		{F70C3B3C-843C-4001-838C-9ED3C241CB83}.Release|x86.ActiveCfg = Release|Win32
		{F70C3B3C-843C-4001-838C-9ED3C241CB83}.Release|x86.Build.0 = Release|Win32
		{95FCEF4E-68A6-4741-BF79-3A3A595FCB14}.Debug|x64.ActiveCfg = Debug|x64
		{95FCEF4E-68A6-4741-BF79-3A3A595FCB14}.Debug|x64.Build.0 = Debug|x64
		{95FCEF4E-68A6-4741-BF79-3A3A595FCB14}.Debug|x86.ActiveCfg = Debug|Win32
		{95FCEF4E-68A6-4741-BF79-3A3A595FCB14}.Debug|x86.Build.0 = Debug|Win32
		{95FCEF4E-68A6-4741-BF79-3A3A595FCB14}.Release|x64.ActiveCfg = Release|x64
		{95FCEF4E-68A6-4741-BF79-3A3A595FCB14}.Release|x64.Build.0 = Release|x64
		{95FCEF4E-68A6-4741-BF79-3A3A595FCB14}.Release|x86.ActiveCfg = Release|Win32
		{95FCEF4E-68A6-4741-BF79-3A3A595FCB14}.Release|x86.Build.0 = Release|Win32
		{3C17941A-F509-4E5B-AA50-820A0B7B65AE}.Debug|x64.ActiveCfg = Debug|x64
		{3C17941A-F509-4E5B-AA50-820A0B7B65AE}.Debug|x64.Build.0 = Debug|x64
		{3C17941A-F509-4E5B-AA50-820A0B7B65AE}.Debug|x86.ActiveCfg = Debug|Win32
		{3C17941A-F509-4E5B-AA50-820A0B7B65AE}.Debug|x86.Build.0 = Debug|Win32
		{3C17941A-F509-4E5B-AA50-820A0B7B65AE}.Release|x64.ActiveCfg = Release|x64
		{3C17941A-F509-4E5B-AA50-820A0B7B65AE}.Release|x64.Build.0 = Release|x64
		{3C17941A-F509-4E5B-AA50-820A0B7B65AE}.Release|x86.ActiveCfg = Release|Win32
		{3C17941A-F509-4E5B-AA50-820A0B7B65AE}.Release|x86.Build.0 = Release|Win32
		{32CD9196-65F8-49FA-A2DC-F1CC5B2D637B}.Debug|x64.ActiveCfg = Debug|x64
		{32CD9196-65F8-49FA-A2DC-F1CC5B2D637B}.Debug|x64.Build.0 = Debug|x64
		{32CD9196-65F8-49FA-A2DC-F1CC5B2D637B}.Debug|x86.ActiveCfg = Debug|Win32
		{32CD9196-65F8-49FA-A2DC-F1CC5B2D637B}.Debug|x86.Build.0 = Debug|Win32
		{32CD9196-65F8-49FA-A2DC-F1CC5B2D637B}.Release|x64.ActiveCfg = Release|x64
		{32CD9196-65F8-49FA-A2DC-F1CC5B2D637B}.Release|x64.Build.0 = Release|x64
		{32CD9196-65F8-49FA-A2DC-F1CC5B2D637B}.Release|x86.ActiveCfg = Release|Win32
		{32CD9196-65F8-49FA-A2DC-F1CC5B2D637B}.Release|x86.Build.0 = Release|Win32
		{E7484761-F1CF-4183-A6C1-5FF0331D950B}.Debug|x64.ActiveCfg = Debug|x64
		{E7484761-F1CF-4183-A6C1-5FF0331D950B}.Debug|x64.Build.0 = Debug|x64
		{E7484761-F1CF-4183-A6C1-5FF0331D950B}.Debug|x86.ActiveCfg = Debug|Win32
		{E7484761-F1CF-4183-A6C1-5FF0331D950B}.Debug|x86.Build.0 = Debug|Win32
		{E7484761-F1CF-4183-A6C1-5FF0331D950B}.Release|x64.ActiveCfg = Release|x64
		{E7484761-F1CF-4183-A6C1-5FF0331D950B}.Release|x64.Build.0 = Release|x64
		{E7484761-F1CF-4183-A6C1-5FF0331D950B}.Release|x86.ActiveCfg = Release|Win32
		{E7484761-F1CF-4183-A6C1-5FF0331D950B}.Release|x86.Build.0 = Release|Win32
		{EF05F795-452D-4DCF-8F40-5EBEB888099A}.Debug|x64.ActiveCfg = Debug|x64
		{EF05F795-452D-4DCF-8F40-5EBEB888099A}.Debug|x64.Build.0 = Debug|x64
		{EF05F795-452D-4DCF-8F40-5EBEB888099A}.Debug|x86.ActiveCfg = Debug|Win32
		{EF05F795-452D-4DCF-8F40-5EBEB888099A}.Debug|x86.Build.0 = Debug|Win32
		{EF05F795-452D-4DCF-8F40-5EBEB888099A}.Release|x64.ActiveCfg = Release|x64
		{EF05F795-452D-4DCF-8F40-5EBEB888099A}.Release|x64.Build.0 = Release|x64
		{EF05F795-452D-4DCF-8F40-5EBEB888099A}.Release|x86.ActiveCfg = Release|Win32
		{EF05F795-452D-4DCF-8F40-5EBEB888099A}.Release|x86.Build.0 = Release|Win32
		{9C01F8BA-587E-4761-8A31-45E39DA30222}.Debug|x64.ActiveCfg = Debug|x64
		{9C01F8BA-587E-4761-8A31-45E39DA30222}.Debug|x64.Build.0 = Debug|x64
		{9C01F8BA-587E-4761-8A31-45E39DA30222}.Debug|x86.ActiveCfg = Debug|Win32
		{9C01F8BA-587E-4761-8A31-45E39DA30222}.Debug|x86.Build.0 = Debug|Win32
		{9C01F8BA-587E-4761-8A31-45E39DA30222}.Release|x64.ActiveCfg = Release|x64
		{9C01F8BA-587E-4761-8A31-45E39DA30222}.Release|x64.Build.0 = Release|x64
		{9C01F8BA-587E-4761-8A31-45E39DA30222}.Release|x86.ActiveCfg = Release|Win32
		{9C01F8BA-587E-4761-8A31-45E39DA30222}.Release|x86.Build.0 = Release|Win32
		{DABADD66-E590-41FF-9332-C2E51276A5E7}.Debug|x64.ActiveCfg = Debug|x64
		{DABADD66-E590-41FF-9332-C2E51276A5E7}.Debug|x64.Build.0 = Debug|x64
		{DABADD66-E590-41FF-9332-C2E51276A5E7}.Debug|x86.ActiveCfg = Debug|Win32
		{DABADD66-E590-41FF-9332-C2E51276A5E7}.Debug|x86.Build.0 = Debug|Win32
		{DABADD66-E590-41FF-9332-C2E51276A5E7}.Release|x64.ActiveCfg = Release|x64
		{DABADD66-E590-41FF-9332-C2E51276A5E7}.Release|x64.Build.0 = Release|x64
		{DABADD66-E590-41FF-9332-C2E51276A5E7}.Release|x86.ActiveCfg = Release|Win32
		{DABADD66-E590-41FF-9332-C2E51276A5E7}.Release|x86.Build.0 = Release|Win32
		{C77F66A7-F038-454B-B6C8-36F80A3804CB}.Debug|x64.ActiveCfg = Debug|x64
		{C77F66A7-F038-454B-B6C8-36F80A3804CB}.Debug|x64.Build.0 = Debug|x64
		{C77F66A7-F038-454B-B6C8-36F80A3804CB}.Debug|x86.ActiveCfg = Debug|Win32
		{C77F66A7-F038-454B-B6C8-36F80A3804CB}.Debug|x86.Build.0 = Debug|Win32
		{C77F66A7-F038-454B-B6C8-36F80A3804CB}.Release|x64.ActiveCfg = Release|x64
		{C77F66A7-F038-454B-B6C8-36F80A3804CB}.Release|x64.Build.0 = Release|x64
		{C77F66A7-F038-454B-B6C8-36F80A3804CB}.Release|x86.ActiveCfg = Release|Win32
		{C77F66A7-F038-454B-B6C8-36F80A3804CB}.Release|x86.Build.0 = Release|Win32
	EndGlobalSection
	GlobalSection(SolutionProperties) = preSolution
		HideSolutionNode = FALSE
	EndGlobalSection
EndGlobal
